
Microsoft Visual Studio Solution File, Format Version 12.00
# Visual Studio Version 16
VisualStudioVersion = 16.0.30114.105
MinimumVisualStudioVersion = 10.0.40219.1
Project("{FAE04EC0-301F-11D3-BF4B-00C04F79EFBC}") = "calculatorapp.services", "calculatorapp.services\calculatorapp.services.csproj", "{5090E844-D4F6-4616-B893-B1C733E0BEA8}"
EndProject
Project("{FAE04EC0-301F-11D3-BF4B-00C04F79EFBC}") = "CalculatorApp.Services.Tests", "CalculatorApp.Services.tests\CalculatorApp.Services.Tests.csproj", "{2AD2FCAB-E476-431C-9181-6F3C34ED6C0A}"
EndProject
Global
	GlobalSection(SolutionConfigurationPlatforms) = preSolution
		Debug|Any CPU = Debug|Any CPU
		Debug|x64 = Debug|x64
		Debug|x86 = Debug|x86
		Release|Any CPU = Release|Any CPU
		Release|x64 = Release|x64
		Release|x86 = Release|x86
	EndGlobalSection
	GlobalSection(SolutionProperties) = preSolution
		HideSolutionNode = FALSE
	EndGlobalSection
	GlobalSection(ProjectConfigurationPlatforms) = postSolution
		{5090E844-D4F6-4616-B893-B1C733E0BEA8}.Debug|Any CPU.ActiveCfg = Debug|Any CPU
		{5090E844-D4F6-4616-B893-B1C733E0BEA8}.Debug|Any CPU.Build.0 = Debug|Any CPU
		{5090E844-D4F6-4616-B893-B1C733E0BEA8}.Debug|x64.ActiveCfg = Debug|Any CPU
		{5090E844-D4F6-4616-B893-B1C733E0BEA8}.Debug|x64.Build.0 = Debug|Any CPU
		{5090E844-D4F6-4616-B893-B1C733E0BEA8}.Debug|x86.ActiveCfg = Debug|Any CPU
		{5090E844-D4F6-4616-B893-B1C733E0BEA8}.Debug|x86.Build.0 = Debug|Any CPU
		{5090E844-D4F6-4616-B893-B1C733E0BEA8}.Release|Any CPU.ActiveCfg = Release|Any CPU
		{5090E844-D4F6-4616-B893-B1C733E0BEA8}.Release|Any CPU.Build.0 = Release|Any CPU
		{5090E844-D4F6-4616-B893-B1C733E0BEA8}.Release|x64.ActiveCfg = Release|Any CPU
		{5090E844-D4F6-4616-B893-B1C733E0BEA8}.Release|x64.Build.0 = Release|Any CPU
		{5090E844-D4F6-4616-B893-B1C733E0BEA8}.Release|x86.ActiveCfg = Release|Any CPU
		{5090E844-D4F6-4616-B893-B1C733E0BEA8}.Release|x86.Build.0 = Release|Any CPU
		{2AD2FCAB-E476-431C-9181-6F3C34ED6C0A}.Debug|Any CPU.ActiveCfg = Debug|Any CPU
		{2AD2FCAB-E476-431C-9181-6F3C34ED6C0A}.Debug|Any CPU.Build.0 = Debug|Any CPU
		{2AD2FCAB-E476-431C-9181-6F3C34ED6C0A}.Debug|x64.ActiveCfg = Debug|Any CPU
		{2AD2FCAB-E476-431C-9181-6F3C34ED6C0A}.Debug|x64.Build.0 = Debug|Any CPU
		{2AD2FCAB-E476-431C-9181-6F3C34ED6C0A}.Debug|x86.ActiveCfg = Debug|Any CPU
		{2AD2FCAB-E476-431C-9181-6F3C34ED6C0A}.Debug|x86.Build.0 = Debug|Any CPU
		{2AD2FCAB-E476-431C-9181-6F3C34ED6C0A}.Release|Any CPU.ActiveCfg = Release|Any CPU
		{2AD2FCAB-E476-431C-9181-6F3C34ED6C0A}.Release|Any CPU.Build.0 = Release|Any CPU
		{2AD2FCAB-E476-431C-9181-6F3C34ED6C0A}.Release|x64.ActiveCfg = Release|Any CPU
		{2AD2FCAB-E476-431C-9181-6F3C34ED6C0A}.Release|x64.Build.0 = Release|Any CPU
		{2AD2FCAB-E476-431C-9181-6F3C34ED6C0A}.Release|x86.ActiveCfg = Release|Any CPU
		{2AD2FCAB-E476-431C-9181-6F3C34ED6C0A}.Release|x86.Build.0 = Release|Any CPU
	EndGlobalSection
EndGlobal
